<?xml version="1.0" encoding="utf-8"?>
<Project ToolsVersion="4.0" xmlns="http://schemas.microsoft.com/developer/msbuild/2003">
  <ItemGroup>
    <Filter Include="Test">
      <UniqueIdentifier>{1635413f-bd03-48f4-bad1-53ecfe812bd8}</UniqueIdentifier>
    </Filter>
  </ItemGroup>
  <ItemGroup>
    <Inf Include="MiCore.TestForDriver.inf">
      <Filter>Test</Filter>
    </Inf>
  </ItemGroup>
  <ItemGroup>
    <ClCompile Include="MiCore.TestForDriver.cpp">
      <Filter>Test</Filter>
    </ClCompile>
  </ItemGroup>
</Project>