
Microsoft Visual Studio Solution File, Format Version 12.00
# Visual Studio Version 17
VisualStudioVersion = 17.6.33712.159
MinimumVisualStudioVersion = 10.0.40219.1
Project("{8BC9CEB8-8B4A-11D0-8D11-00A0C91BC942}") = "micore", "msvc\micore.vcxproj", "{3FCEDBC3-A6E0-473B-BF17-55403D3D6C1A}"
EndProject
Project("{8BC9CEB8-8B4A-11D0-8D11-00A0C91BC942}") = "micore_dll", "msvc\micore_dll.vcxproj", "{BC6BB10D-0A8D-452F-A13D-492FD875428A}"
	ProjectSection(ProjectDependencies) = postProject
		{3FCEDBC3-A6E0-473B-BF17-55403D3D6C1A} = {3FCEDBC3-A6E0-473B-BF17-55403D3D6C1A}
	EndProjectSection
EndProject
Project("{8BC9CEB8-8B4A-11D0-8D11-00A0C91BC942}") = "micore_test", "msvc\micore_test.vcxproj", "{A9501CDA-AC96-43D1-BBBE-3C8D7F04096C}"
	ProjectSection(ProjectDependencies) = postProject
		{3FCEDBC3-A6E0-473B-BF17-55403D3D6C1A} = {3FCEDBC3-A6E0-473B-BF17-55403D3D6C1A}
	EndProjectSection
EndProject
Project("{2150E333-8FDC-42A3-9474-1A3956D46DE8}") = "ReadMe", "ReadMe", "{F3A5057D-DA0C-408E-919E-1522E4DC76FC}"
	ProjectSection(SolutionItems) = preProject
		README.md = README.md
		README.zh-CN.md = README.zh-CN.md
	EndProjectSection
EndProject
Global
	GlobalSection(SolutionConfigurationPlatforms) = preSolution
		Debug|ARM64 = Debug|ARM64
		Debug|x64 = Debug|x64
		Debug|x86 = Debug|x86
		Release|ARM64 = Release|ARM64
		Release|x64 = Release|x64
		Release|x86 = Release|x86
	EndGlobalSection
	GlobalSection(ProjectConfigurationPlatforms) = postSolution
		{3FCEDBC3-A6E0-473B-BF17-55403D3D6C1A}.Debug|ARM64.ActiveCfg = Debug|ARM64
		{3FCEDBC3-A6E0-473B-BF17-55403D3D6C1A}.Debug|ARM64.Build.0 = Debug|ARM64
		{3FCEDBC3-A6E0-473B-BF17-55403D3D6C1A}.Debug|ARM64.Deploy.0 = Debug|ARM64
		{3FCEDBC3-A6E0-473B-BF17-55403D3D6C1A}.Debug|x64.ActiveCfg = Debug|x64
		{3FCEDBC3-A6E0-473B-BF17-55403D3D6C1A}.Debug|x64.Build.0 = Debug|x64
		{3FCEDBC3-A6E0-473B-BF17-55403D3D6C1A}.Debug|x64.Deploy.0 = Debug|x64
		{3FCEDBC3-A6E0-473B-BF17-55403D3D6C1A}.Debug|x86.ActiveCfg = Debug|Win32
		{3FCEDBC3-A6E0-473B-BF17-55403D3D6C1A}.Debug|x86.Build.0 = Debug|Win32
		{3FCEDBC3-A6E0-473B-BF17-55403D3D6C1A}.Debug|x86.Deploy.0 = Debug|Win32
		{3FCEDBC3-A6E0-473B-BF17-55403D3D6C1A}.Release|ARM64.ActiveCfg = Release|ARM64
		{3FCEDBC3-A6E0-473B-BF17-55403D3D6C1A}.Release|ARM64.Build.0 = Release|ARM64
		{3FCEDBC3-A6E0-473B-BF17-55403D3D6C1A}.Release|ARM64.Deploy.0 = Release|ARM64
		{3FCEDBC3-A6E0-473B-BF17-55403D3D6C1A}.Release|x64.ActiveCfg = Release|x64
		{3FCEDBC3-A6E0-473B-BF17-55403D3D6C1A}.Release|x64.Build.0 = Release|x64
		{3FCEDBC3-A6E0-473B-BF17-55403D3D6C1A}.Release|x64.Deploy.0 = Release|x64
		{3FCEDBC3-A6E0-473B-BF17-55403D3D6C1A}.Release|x86.ActiveCfg = Release|Win32
		{3FCEDBC3-A6E0-473B-BF17-55403D3D6C1A}.Release|x86.Build.0 = Release|Win32
		{3FCEDBC3-A6E0-473B-BF17-55403D3D6C1A}.Release|x86.Deploy.0 = Release|Win32
		{BC6BB10D-0A8D-452F-A13D-492FD875428A}.Debug|ARM64.ActiveCfg = Debug|ARM64
		{BC6BB10D-0A8D-452F-A13D-492FD875428A}.Debug|ARM64.Build.0 = Debug|ARM64
		{BC6BB10D-0A8D-452F-A13D-492FD875428A}.Debug|ARM64.Deploy.0 = Debug|ARM64
		{BC6BB10D-0A8D-452F-A13D-492FD875428A}.Debug|x64.ActiveCfg = Debug|x64
		{BC6BB10D-0A8D-452F-A13D-492FD875428A}.Debug|x64.Build.0 = Debug|x64
		{BC6BB10D-0A8D-452F-A13D-492FD875428A}.Debug|x64.Deploy.0 = Debug|x64
		{BC6BB10D-0A8D-452F-A13D-492FD875428A}.Debug|x86.ActiveCfg = Debug|Win32
		{BC6BB10D-0A8D-452F-A13D-492FD875428A}.Debug|x86.Build.0 = Debug|Win32
		{BC6BB10D-0A8D-452F-A13D-492FD875428A}.Debug|x86.Deploy.0 = Debug|Win32
		{BC6BB10D-0A8D-452F-A13D-492FD875428A}.Release|ARM64.ActiveCfg = Release|ARM64
		{BC6BB10D-0A8D-452F-A13D-492FD875428A}.Release|ARM64.Build.0 = Release|ARM64
		{BC6BB10D-0A8D-452F-A13D-492FD875428A}.Release|ARM64.Deploy.0 = Release|ARM64
		{BC6BB10D-0A8D-452F-A13D-492FD875428A}.Release|x64.ActiveCfg = Release|x64
		{BC6BB10D-0A8D-452F-A13D-492FD875428A}.Release|x64.Build.0 = Release|x64
		{BC6BB10D-0A8D-452F-A13D-492FD875428A}.Release|x64.Deploy.0 = Release|x64
		{BC6BB10D-0A8D-452F-A13D-492FD875428A}.Release|x86.ActiveCfg = Release|Win32
		{BC6BB10D-0A8D-452F-A13D-492FD875428A}.Release|x86.Build.0 = Release|Win32
		{BC6BB10D-0A8D-452F-A13D-492FD875428A}.Release|x86.Deploy.0 = Release|Win32
		{A9501CDA-AC96-43D1-BBBE-3C8D7F04096C}.Debug|ARM64.ActiveCfg = Debug|ARM64
		{A9501CDA-AC96-43D1-BBBE-3C8D7F04096C}.Debug|ARM64.Build.0 = Debug|ARM64
		{A9501CDA-AC96-43D1-BBBE-3C8D7F04096C}.Debug|ARM64.Deploy.0 = Debug|ARM64
		{A9501CDA-AC96-43D1-BBBE-3C8D7F04096C}.Debug|x64.ActiveCfg = Debug|x64
		{A9501CDA-AC96-43D1-BBBE-3C8D7F04096C}.Debug|x64.Build.0 = Debug|x64
		{A9501CDA-AC96-43D1-BBBE-3C8D7F04096C}.Debug|x64.Deploy.0 = Debug|x64
		{A9501CDA-AC96-43D1-BBBE-3C8D7F04096C}.Debug|x86.ActiveCfg = Debug|Win32
		{A9501CDA-AC96-43D1-BBBE-3C8D7F04096C}.Debug|x86.Build.0 = Debug|Win32
		{A9501CDA-AC96-43D1-BBBE-3C8D7F04096C}.Debug|x86.Deploy.0 = Debug|Win32
		{A9501CDA-AC96-43D1-BBBE-3C8D7F04096C}.Release|ARM64.ActiveCfg = Release|ARM64
		{A9501CDA-AC96-43D1-BBBE-3C8D7F04096C}.Release|ARM64.Build.0 = Release|ARM64
		{A9501CDA-AC96-43D1-BBBE-3C8D7F04096C}.Release|ARM64.Deploy.0 = Release|ARM64
		{A9501CDA-AC96-43D1-BBBE-3C8D7F04096C}.Release|x64.ActiveCfg = Release|x64
		{A9501CDA-AC96-43D1-BBBE-3C8D7F04096C}.Release|x64.Build.0 = Release|x64
		{A9501CDA-AC96-43D1-BBBE-3C8D7F04096C}.Release|x64.Deploy.0 = Release|x64
		{A9501CDA-AC96-43D1-BBBE-3C8D7F04096C}.Release|x86.ActiveCfg = Release|Win32
		{A9501CDA-AC96-43D1-BBBE-3C8D7F04096C}.Release|x86.Build.0 = Release|Win32
		{A9501CDA-AC96-43D1-BBBE-3C8D7F04096C}.Release|x86.Deploy.0 = Release|Win32
	EndGlobalSection
	GlobalSection(SolutionProperties) = preSolution
		HideSolutionNode = FALSE
	EndGlobalSection
	GlobalSection(ExtensibilityGlobals) = postSolution
		SolutionGuid = {2E209F50-7E96-40E2-A450-6B63E3A54D7C}
	EndGlobalSection
EndGlobal
