
Microsoft Visual Studio Solution File, Format Version 12.00
# Visual Studio Version 17
VisualStudioVersion = 17.6.33712.159
MinimumVisualStudioVersion = 10.0.40219.1
Project("{2150E333-8FDC-42A3-9474-1A3956D46DE8}") = "ReadMe", "ReadMe", "{F3A5057D-DA0C-408E-919E-1522E4DC76FC}"
	ProjectSection(SolutionItems) = preProject
		README.md = README.md
		README.zh-CN.md = README.zh-CN.md
	EndProjectSection
EndProject
Project("{8BC9CEB8-8B4A-11D0-8D11-00A0C91BC942}") = "Musa.Core.StaticLibrary", "Musa.Core.StaticLibrary\Musa.Core.StaticLibrary.vcxproj", "{45ED5E33-A849-401E-A88F-C36763C97814}"
EndProject
Project("{8BC9CEB8-8B4A-11D0-8D11-00A0C91BC942}") = "Musa.Core.StaticLibraryForDriver", "Musa.Core.StaticLibraryForDriver\Musa.Core.StaticLibraryForDriver.vcxproj", "{15951923-1854-4CAE-ADCA-E3897AEE39A0}"
EndProject
Project("{8BC9CEB8-8B4A-11D0-8D11-00A0C91BC942}") = "Musa.Core.Test", "Musa.Core.Test\Musa.Core.Test.vcxproj", "{25269BC9-477C-4E15-A036-3E9F6B0D421E}"
	ProjectSection(ProjectDependencies) = postProject
		{45ED5E33-A849-401E-A88F-C36763C97814} = {45ED5E33-A849-401E-A88F-C36763C97814}
	EndProjectSection
EndProject
Project("{8BC9CEB8-8B4A-11D0-8D11-00A0C91BC942}") = "Musa.Core.TestForDriver", "Musa.Core.TestForDriver\Musa.Core.TestForDriver.vcxproj", "{5201B67C-252E-49F7-A368-FEC89899392A}"
	ProjectSection(ProjectDependencies) = postProject
		{15951923-1854-4CAE-ADCA-E3897AEE39A0} = {15951923-1854-4CAE-ADCA-E3897AEE39A0}
	EndProjectSection
EndProject
Global
	GlobalSection(SolutionConfigurationPlatforms) = preSolution
		Debug|ARM64 = Debug|ARM64
		Debug|x64 = Debug|x64
		Debug|x86 = Debug|x86
		Release|ARM64 = Release|ARM64
		Release|x64 = Release|x64
		Release|x86 = Release|x86
	EndGlobalSection
	GlobalSection(ProjectConfigurationPlatforms) = postSolution
		{45ED5E33-A849-401E-A88F-C36763C97814}.Debug|ARM64.ActiveCfg = Debug|ARM64
		{45ED5E33-A849-401E-A88F-C36763C97814}.Debug|ARM64.Build.0 = Debug|ARM64
		{45ED5E33-A849-401E-A88F-C36763C97814}.Debug|x64.ActiveCfg = Debug|x64
		{45ED5E33-A849-401E-A88F-C36763C97814}.Debug|x64.Build.0 = Debug|x64
		{45ED5E33-A849-401E-A88F-C36763C97814}.Debug|x86.ActiveCfg = Debug|Win32
		{45ED5E33-A849-401E-A88F-C36763C97814}.Debug|x86.Build.0 = Debug|Win32
		{45ED5E33-A849-401E-A88F-C36763C97814}.Release|ARM64.ActiveCfg = Release|ARM64
		{45ED5E33-A849-401E-A88F-C36763C97814}.Release|ARM64.Build.0 = Release|ARM64
		{45ED5E33-A849-401E-A88F-C36763C97814}.Release|x64.ActiveCfg = Release|x64
		{45ED5E33-A849-401E-A88F-C36763C97814}.Release|x64.Build.0 = Release|x64
		{45ED5E33-A849-401E-A88F-C36763C97814}.Release|x86.ActiveCfg = Release|Win32
		{45ED5E33-A849-401E-A88F-C36763C97814}.Release|x86.Build.0 = Release|Win32
		{15951923-1854-4CAE-ADCA-E3897AEE39A0}.Debug|ARM64.ActiveCfg = Debug|ARM64
		{15951923-1854-4CAE-ADCA-E3897AEE39A0}.Debug|ARM64.Build.0 = Debug|ARM64
		{15951923-1854-4CAE-ADCA-E3897AEE39A0}.Debug|x64.ActiveCfg = Debug|x64
		{15951923-1854-4CAE-ADCA-E3897AEE39A0}.Debug|x64.Build.0 = Debug|x64
		{15951923-1854-4CAE-ADCA-E3897AEE39A0}.Debug|x86.ActiveCfg = Debug|Win32
		{15951923-1854-4CAE-ADCA-E3897AEE39A0}.Debug|x86.Build.0 = Debug|Win32
		{15951923-1854-4CAE-ADCA-E3897AEE39A0}.Release|ARM64.ActiveCfg = Release|ARM64
		{15951923-1854-4CAE-ADCA-E3897AEE39A0}.Release|ARM64.Build.0 = Release|ARM64
		{15951923-1854-4CAE-ADCA-E3897AEE39A0}.Release|x64.ActiveCfg = Release|x64
		{15951923-1854-4CAE-ADCA-E3897AEE39A0}.Release|x64.Build.0 = Release|x64
		{15951923-1854-4CAE-ADCA-E3897AEE39A0}.Release|x86.ActiveCfg = Release|Win32
		{15951923-1854-4CAE-ADCA-E3897AEE39A0}.Release|x86.Build.0 = Release|Win32
		{25269BC9-477C-4E15-A036-3E9F6B0D421E}.Debug|ARM64.ActiveCfg = Debug|ARM64
		{25269BC9-477C-4E15-A036-3E9F6B0D421E}.Debug|ARM64.Build.0 = Debug|ARM64
		{25269BC9-477C-4E15-A036-3E9F6B0D421E}.Debug|x64.ActiveCfg = Debug|x64
		{25269BC9-477C-4E15-A036-3E9F6B0D421E}.Debug|x64.Build.0 = Debug|x64
		{25269BC9-477C-4E15-A036-3E9F6B0D421E}.Debug|x86.ActiveCfg = Debug|Win32
		{25269BC9-477C-4E15-A036-3E9F6B0D421E}.Debug|x86.Build.0 = Debug|Win32
		{25269BC9-477C-4E15-A036-3E9F6B0D421E}.Release|ARM64.ActiveCfg = Release|ARM64
		{25269BC9-477C-4E15-A036-3E9F6B0D421E}.Release|ARM64.Build.0 = Release|ARM64
		{25269BC9-477C-4E15-A036-3E9F6B0D421E}.Release|x64.ActiveCfg = Release|x64
		{25269BC9-477C-4E15-A036-3E9F6B0D421E}.Release|x64.Build.0 = Release|x64
		{25269BC9-477C-4E15-A036-3E9F6B0D421E}.Release|x86.ActiveCfg = Release|Win32
		{25269BC9-477C-4E15-A036-3E9F6B0D421E}.Release|x86.Build.0 = Release|Win32
		{5201B67C-252E-49F7-A368-FEC89899392A}.Debug|ARM64.ActiveCfg = Debug|ARM64
		{5201B67C-252E-49F7-A368-FEC89899392A}.Debug|ARM64.Build.0 = Debug|ARM64
		{5201B67C-252E-49F7-A368-FEC89899392A}.Debug|x64.ActiveCfg = Debug|x64
		{5201B67C-252E-49F7-A368-FEC89899392A}.Debug|x64.Build.0 = Debug|x64
		{5201B67C-252E-49F7-A368-FEC89899392A}.Debug|x86.ActiveCfg = Debug|Win32
		{5201B67C-252E-49F7-A368-FEC89899392A}.Debug|x86.Build.0 = Debug|Win32
		{5201B67C-252E-49F7-A368-FEC89899392A}.Release|ARM64.ActiveCfg = Release|ARM64
		{5201B67C-252E-49F7-A368-FEC89899392A}.Release|ARM64.Build.0 = Release|ARM64
		{5201B67C-252E-49F7-A368-FEC89899392A}.Release|x64.ActiveCfg = Release|x64
		{5201B67C-252E-49F7-A368-FEC89899392A}.Release|x64.Build.0 = Release|x64
		{5201B67C-252E-49F7-A368-FEC89899392A}.Release|x86.ActiveCfg = Release|Win32
		{5201B67C-252E-49F7-A368-FEC89899392A}.Release|x86.Build.0 = Release|Win32
	EndGlobalSection
	GlobalSection(SolutionProperties) = preSolution
		HideSolutionNode = FALSE
	EndGlobalSection
	GlobalSection(ExtensibilityGlobals) = postSolution
		SolutionGuid = {2E209F50-7E96-40E2-A450-6B63E3A54D7C}
	EndGlobalSection
EndGlobal
