<?xml version="1.0" encoding="utf-8"?>
<Project ToolsVersion="4.0" xmlns="http://schemas.microsoft.com/developer/msbuild/2003">
  <ItemGroup>
    <Filter Include="src">
      <UniqueIdentifier>{4FC737F1-C7A5-4376-A066-2A32D752A2FF}</UniqueIdentifier>
      <Extensions>h;hpp;hxx;hm;inl;inc;xsd;cpp;c;cc;cxx;def;odl;idl;hpj;bat;asm;asmx</Extensions>
    </Filter>
    <Filter Include="src\thunks">
      <UniqueIdentifier>{793c4c19-a24f-423f-8907-8b5575a1f161}</UniqueIdentifier>
    </Filter>
    <Filter Include="src\thunks\ntos">
      <UniqueIdentifier>{c52de938-f71d-4a22-9130-795941558801}</UniqueIdentifier>
    </Filter>
    <Filter Include="src\thunks\client">
      <UniqueIdentifier>{0b5412e4-9bc4-402f-b23f-26d199d851b6}</UniqueIdentifier>
    </Filter>
    <Filter Include="src\thunks\client\kernel32">
      <UniqueIdentifier>{3dc796f1-bbe6-4fd5-8bbd-7eca1d42cc46}</UniqueIdentifier>
    </Filter>
    <Filter Include="src\thunks\client\advapi32">
      <UniqueIdentifier>{854ff48a-50fc-4dea-87d3-7882dd66aa49}</UniqueIdentifier>
    </Filter>
    <Filter Include="src\thunks\ntos\rtl">
      <UniqueIdentifier>{19428a85-fa38-4410-8fc0-183f940166aa}</UniqueIdentifier>
    </Filter>
  </ItemGroup>
  <ItemGroup>
    <ClCompile Include="..\src\micore.cpp">
      <Filter>src</Filter>
    </ClCompile>
    <ClCompile Include="..\src\nothing.cpp">
      <Filter>src</Filter>
    </ClCompile>
    <ClCompile Include="..\src\miutil.cpp">
      <Filter>src</Filter>
    </ClCompile>
    <ClCompile Include="..\src\thunks\ntos\stubs.cpp">
      <Filter>src\thunks\ntos</Filter>
    </ClCompile>
    <ClCompile Include="..\src\thunks\ntos\rtl\fibers.cpp">
      <Filter>src\thunks\ntos\rtl</Filter>
    </ClCompile>
    <ClCompile Include="..\src\thunks\client\kernel32\debug.cpp">
      <Filter>src\thunks\client\kernel32</Filter>
    </ClCompile>
    <ClCompile Include="..\src\thunks\client\kernel32\mbcs.cpp">
      <Filter>src\thunks\client\kernel32</Filter>
    </ClCompile>
    <ClCompile Include="..\src\thunks\ntos\rtl\error.cpp">
      <Filter>src\thunks\ntos\rtl</Filter>
    </ClCompile>
    <ClCompile Include="..\src\thunks\thunks.cpp">
      <Filter>src\thunks</Filter>
    </ClCompile>
    <ClCompile Include="..\src\thunks\client\kernel32\fibers.cpp">
      <Filter>src\thunks\client\kernel32</Filter>
    </ClCompile>
    <ClCompile Include="..\src\thunks\client\kernel32\error.cpp">
      <Filter>src\thunks\client\kernel32</Filter>
    </ClCompile>
    <ClCompile Include="..\src\thunks\ntos\rtl\heap.cpp">
      <Filter>src\thunks\ntos\rtl</Filter>
    </ClCompile>
  </ItemGroup>
  <ItemGroup>
    <ClInclude Include="..\src\micore.hpp">
      <Filter>src</Filter>
    </ClInclude>
    <ClInclude Include="..\src\universal.h">
      <Filter>src</Filter>
    </ClInclude>
    <ClInclude Include="..\src\miutil.hpp">
      <Filter>src</Filter>
    </ClInclude>
    <ClInclude Include="..\src\thunks\thunks.hpp">
      <Filter>src\thunks</Filter>
    </ClInclude>
  </ItemGroup>
</Project>