<?xml version="1.0" encoding="utf-8"?>
<Project ToolsVersion="4.0" xmlns="http://schemas.microsoft.com/developer/msbuild/2003">
  <ItemGroup>
    <Filter Include="src">
      <UniqueIdentifier>{4FC737F1-C7A5-4376-A066-2A32D752A2FF}</UniqueIdentifier>
      <Extensions>h;hpp;hxx;hm;inl;inc;xsd;cpp;c;cc;cxx;def;odl;idl;hpj;bat;asm;asmx</Extensions>
    </Filter>
    <Filter Include="src\thunks">
      <UniqueIdentifier>{793c4c19-a24f-423f-8907-8b5575a1f161}</UniqueIdentifier>
    </Filter>
  </ItemGroup>
  <ItemGroup>
    <ClCompile Include="..\src\micore.cpp">
      <Filter>src</Filter>
    </ClCompile>
    <ClCompile Include="..\src\nothing.cpp">
      <Filter>src</Filter>
    </ClCompile>
    <ClCompile Include="..\src\miutil.cpp">
      <Filter>src</Filter>
    </ClCompile>
  </ItemGroup>
  <ItemGroup>
    <ClInclude Include="..\src\micore.hpp">
      <Filter>src</Filter>
    </ClInclude>
    <ClInclude Include="..\src\universal.h">
      <Filter>src</Filter>
    </ClInclude>
    <ClInclude Include="..\src\miutil.hpp">
      <Filter>src</Filter>
    </ClInclude>
  </ItemGroup>
</Project>