<?xml version="1.0" encoding="utf-8"?>
<Project ToolsVersion="4.0" xmlns="http://schemas.microsoft.com/developer/msbuild/2003">
  <ItemGroup>
    <Filter Include="Musa.Core">
      <UniqueIdentifier>{edbaf631-8584-43c0-9f23-3f6bd6159630}</UniqueIdentifier>
      <Extensions>.h;.c;.hpp;.cpp;</Extensions>
    </Filter>
    <Filter Include="Musa.Core\Thunks">
      <UniqueIdentifier>{78689286-b985-4df1-aef5-799aff7c7508}</UniqueIdentifier>
    </Filter>
    <Filter Include="Musa.Utilities">
      <UniqueIdentifier>{c32d39de-e3a3-46d9-a22c-3a37e35f72ab}</UniqueIdentifier>
    </Filter>
    <Filter Include="Musa.Core\Thunks\Internal">
      <UniqueIdentifier>{571c1e9e-4c7b-4ee5-b7fb-facc061ace55}</UniqueIdentifier>
    </Filter>
  </ItemGroup>
  <ItemGroup>
    <ClInclude Include="universal.h" />
    <ClInclude Include="$(SourcesDirectory)Musa.Core.h">
      <Filter>Musa.Core</Filter>
    </ClInclude>
    <ClInclude Include="$(SourcesDirectory)Musa.Core.SystemEnvironmentBlock.h">
      <Filter>Musa.Core</Filter>
    </ClInclude>
    <ClInclude Include="$(SourcesDirectory)Musa.Core.SystemEnvironmentBlock.Process.h">
      <Filter>Musa.Core</Filter>
    </ClInclude>
    <ClInclude Include="$(SourcesDirectory)Musa.Core.SystemEnvironmentBlock.Thread.h">
      <Filter>Musa.Core</Filter>
    </ClInclude>
    <ClInclude Include="$(SourcesDirectory)Thunks\KernelBase.Private.h">
      <Filter>Musa.Core\Thunks</Filter>
    </ClInclude>
    <ClInclude Include="$(SourcesDirectory)Musa.Utilities.h">
      <Filter>Musa.Utilities</Filter>
    </ClInclude>
    <ClInclude Include="$(SourcesDirectory)Musa.Utilities.PEParser.h">
      <Filter>Musa.Utilities</Filter>
    </ClInclude>
    <ClInclude Include="$(SourcesDirectory)Musa.Core.SystemEnvironmentBlock.Fls.h">
      <Filter>Musa.Core</Filter>
    </ClInclude>
    <ClInclude Include="..\Musa.Core\Thunks\Internal\KernelBase.FileVersion.h">
      <Filter>Musa.Core\Thunks\Internal</Filter>
    </ClInclude>
    <ClInclude Include="..\Musa.Core\Thunks\Internal\KernelBase.Handle.h">
      <Filter>Musa.Core\Thunks\Internal</Filter>
    </ClInclude>
    <ClInclude Include="..\Musa.Core\Thunks\Internal\KernelBase.LibraryLoader.h">
      <Filter>Musa.Core\Thunks\Internal</Filter>
    </ClInclude>
    <ClInclude Include="..\Musa.Core\Thunks\Internal\KernelBase.NLS.h">
      <Filter>Musa.Core\Thunks\Internal</Filter>
    </ClInclude>
    <ClInclude Include="..\Musa.Core\Thunks\Internal\KernelBase.Process.h">
      <Filter>Musa.Core\Thunks\Internal</Filter>
    </ClInclude>
    <ClInclude Include="..\Musa.Core\Thunks\Internal\KernelBase.Synchronize.h">
      <Filter>Musa.Core\Thunks\Internal</Filter>
    </ClInclude>
    <ClInclude Include="..\Musa.Core\Thunks\Internal\KernelBase.System.h">
      <Filter>Musa.Core\Thunks\Internal</Filter>
    </ClInclude>
    <ClInclude Include="..\Musa.Core\Thunks\Internal\KernelBase.Thread.h">
      <Filter>Musa.Core\Thunks\Internal</Filter>
    </ClInclude>
    <ClInclude Include="..\Musa.Core\Thunks\Internal\Ntdll.FiberLocalStorage.h">
      <Filter>Musa.Core\Thunks\Internal</Filter>
    </ClInclude>
    <ClInclude Include="..\Musa.Core\Thunks\Internal\Ntdll.Heap.h">
      <Filter>Musa.Core\Thunks\Internal</Filter>
    </ClInclude>
    <ClInclude Include="..\Musa.Core\Thunks\Internal\Ntdll.Image.h">
      <Filter>Musa.Core\Thunks\Internal</Filter>
    </ClInclude>
    <ClInclude Include="..\Musa.Core\Thunks\Internal\Ntdll.LibraryLoader.h">
      <Filter>Musa.Core\Thunks\Internal</Filter>
    </ClInclude>
    <ClInclude Include="..\Musa.Core\Thunks\Internal\Ntdll.Synchronize.h">
      <Filter>Musa.Core\Thunks\Internal</Filter>
    </ClInclude>
    <ClInclude Include="..\Musa.Core\Thunks\Internal\Ntdll.Thread.h">
      <Filter>Musa.Core\Thunks\Internal</Filter>
    </ClInclude>
    <ClInclude Include="..\Musa.Core\Thunks\Internal\KernelBase.Utility.h">
      <Filter>Musa.Core\Thunks\Internal</Filter>
    </ClInclude>
    <ClInclude Include="..\Musa.Core\Thunks\Internal\Ntdll.Utility.h">
      <Filter>Musa.Core\Thunks\Internal</Filter>
    </ClInclude>
  </ItemGroup>
  <ItemGroup>
    <ClCompile Include="$(SourcesDirectory)Musa.Core.cpp">
      <Filter>Musa.Core</Filter>
    </ClCompile>
    <ClCompile Include="$(SourcesDirectory)Musa.Core.Nothing.cpp">
      <Filter>Musa.Core</Filter>
    </ClCompile>
    <ClCompile Include="$(SourcesDirectory)Thunks\Ntdll.Pool.cpp">
      <Filter>Musa.Core\Thunks</Filter>
    </ClCompile>
    <ClCompile Include="$(SourcesDirectory)Thunks\Ntdll.Heap.cpp">
      <Filter>Musa.Core\Thunks</Filter>
    </ClCompile>
    <ClCompile Include="$(SourcesDirectory)Musa.Core.SystemEnvironmentBlock.cpp">
      <Filter>Musa.Core</Filter>
    </ClCompile>
    <ClCompile Include="$(SourcesDirectory)Musa.Core.SystemEnvironmentBlock.Process.cpp">
      <Filter>Musa.Core</Filter>
    </ClCompile>
    <ClCompile Include="$(SourcesDirectory)Musa.Core.SystemEnvironmentBlock.Thread.cpp">
      <Filter>Musa.Core</Filter>
    </ClCompile>
    <ClCompile Include="$(SourcesDirectory)Thunks\Ntdll.FiberLocalStorage.cpp">
      <Filter>Musa.Core\Thunks</Filter>
    </ClCompile>
    <ClCompile Include="$(SourcesDirectory)Thunks\Ntdll.Utility.cpp">
      <Filter>Musa.Core\Thunks</Filter>
    </ClCompile>
    <ClCompile Include="$(SourcesDirectory)Thunks\Ntdll.Error.cpp">
      <Filter>Musa.Core\Thunks</Filter>
    </ClCompile>
    <ClCompile Include="$(SourcesDirectory)Thunks\KernelBase.Debug.cpp">
      <Filter>Musa.Core\Thunks</Filter>
    </ClCompile>
    <ClCompile Include="$(SourcesDirectory)Thunks\KernelBase.Error.cpp">
      <Filter>Musa.Core\Thunks</Filter>
    </ClCompile>
    <ClCompile Include="$(SourcesDirectory)Thunks\KernelBase.NLS.cpp">
      <Filter>Musa.Core\Thunks</Filter>
    </ClCompile>
    <ClCompile Include="$(SourcesDirectory)Thunks\KernelBase.FiberLocalStorage.cpp">
      <Filter>Musa.Core\Thunks</Filter>
    </ClCompile>
    <ClCompile Include="$(SourcesDirectory)Thunks\KernelBase.ThreadLocalStorage.cpp">
      <Filter>Musa.Core\Thunks</Filter>
    </ClCompile>
    <ClCompile Include="$(SourcesDirectory)Thunks\KernelBase.PerformanceCounter.cpp">
      <Filter>Musa.Core\Thunks</Filter>
    </ClCompile>
    <ClCompile Include="$(SourcesDirectory)Thunks\Ntdll.PerformanceCounter.cpp">
      <Filter>Musa.Core\Thunks</Filter>
    </ClCompile>
    <ClCompile Include="$(SourcesDirectory)Thunks\Ntdll.RealTime.cpp">
      <Filter>Musa.Core\Thunks</Filter>
    </ClCompile>
    <ClCompile Include="$(SourcesDirectory)Thunks\KernelBase.RealTime.cpp">
      <Filter>Musa.Core\Thunks</Filter>
    </ClCompile>
    <ClCompile Include="$(SourcesDirectory)Thunks\KernelBase.Heap.cpp">
      <Filter>Musa.Core\Thunks</Filter>
    </ClCompile>
    <ClCompile Include="$(SourcesDirectory)Thunks\KernelBase.Handle.cpp">
      <Filter>Musa.Core\Thunks</Filter>
    </ClCompile>
    <ClCompile Include="$(SourcesDirectory)Thunks\KernelBase.Utility.cpp">
      <Filter>Musa.Core\Thunks</Filter>
    </ClCompile>
    <ClCompile Include="$(SourcesDirectory)Thunks\KernelBase.Private.cpp">
      <Filter>Musa.Core\Thunks</Filter>
    </ClCompile>
    <ClCompile Include="$(SourcesDirectory)Thunks\KernelBase.Process.cpp">
      <Filter>Musa.Core\Thunks</Filter>
    </ClCompile>
    <ClCompile Include="$(SourcesDirectory)Thunks\KernelBase.System.cpp">
      <Filter>Musa.Core\Thunks</Filter>
    </ClCompile>
    <ClCompile Include="$(SourcesDirectory)Thunks\KernelBase.Thread.cpp">
      <Filter>Musa.Core\Thunks</Filter>
    </ClCompile>
    <ClCompile Include="$(SourcesDirectory)Thunks\Ntdll.System.cpp">
      <Filter>Musa.Core\Thunks</Filter>
    </ClCompile>
    <ClCompile Include="$(SourcesDirectory)Thunks\Ntdll.Debug.cpp">
      <Filter>Musa.Core\Thunks</Filter>
    </ClCompile>
    <ClCompile Include="$(SourcesDirectory)Thunks\KernelBase.Synchronize.cpp">
      <Filter>Musa.Core\Thunks</Filter>
    </ClCompile>
    <ClCompile Include="$(SourcesDirectory)Thunks\Ntdll.Synchronize.cpp">
      <Filter>Musa.Core\Thunks</Filter>
    </ClCompile>
    <ClCompile Include="$(SourcesDirectory)Thunks\Ntdll.Thread.cpp">
      <Filter>Musa.Core\Thunks</Filter>
    </ClCompile>
    <ClCompile Include="$(SourcesDirectory)Thunks\KernelBase.LibraryLoader.cpp">
      <Filter>Musa.Core\Thunks</Filter>
    </ClCompile>
    <ClCompile Include="$(SourcesDirectory)Thunks\Ntdll.LibraryLoader.cpp">
      <Filter>Musa.Core\Thunks</Filter>
    </ClCompile>
    <ClCompile Include="$(SourcesDirectory)Thunks\Ntdll.Image.cpp">
      <Filter>Musa.Core\Thunks</Filter>
    </ClCompile>
    <ClCompile Include="$(SourcesDirectory)Thunks\KernelBase.FileVersion.cpp">
      <Filter>Musa.Core\Thunks</Filter>
    </ClCompile>
    <ClCompile Include="$(SourcesDirectory)Musa.Utilities.Overlay.cpp">
      <Filter>Musa.Utilities</Filter>
    </ClCompile>
    <ClCompile Include="$(SourcesDirectory)Musa.Core.SystemEnvironmentBlock.Fls.cpp">
      <Filter>Musa.Core</Filter>
    </ClCompile>
    <ClCompile Include="..\Musa.Core\Thunks\Internal\KernelBase.NLS.Table.cpp">
      <Filter>Musa.Core\Thunks\Internal</Filter>
    </ClCompile>
  </ItemGroup>
</Project>