<?xml version="1.0" encoding="utf-8"?>
<Project ToolsVersion="4.0" xmlns="http://schemas.microsoft.com/developer/msbuild/2003">
  <ItemGroup>
    <Filter Include="MiCore">
      <UniqueIdentifier>{edbaf631-8584-43c0-9f23-3f6bd6159630}</UniqueIdentifier>
      <Extensions>.h;.c;.hpp;.cpp;</Extensions>
    </Filter>
    <Filter Include="MiCore\Thunks">
      <UniqueIdentifier>{78689286-b985-4df1-aef5-799aff7c7508}</UniqueIdentifier>
    </Filter>
  </ItemGroup>
  <ItemGroup>
    <ClInclude Include="universal.h" />
    <ClInclude Include="..\MiCore\MiCore.h">
      <Filter>MiCore</Filter>
    </ClInclude>
    <ClInclude Include="..\MiCore\MiCore.PEParser.h">
      <Filter>MiCore</Filter>
    </ClInclude>
    <ClInclude Include="..\MiCore\MiCore.SystemCall.h">
      <Filter>MiCore</Filter>
    </ClInclude>
    <ClInclude Include="..\MiCore\MiCore.SystemEnvironmentBlock.Private.h">
      <Filter>MiCore</Filter>
    </ClInclude>
    <ClInclude Include="..\MiCore\MiCore.SystemEnvironmentBlock.h">
      <Filter>MiCore</Filter>
    </ClInclude>
    <ClInclude Include="..\MiCore\MiCore.Utility.h">
      <Filter>MiCore</Filter>
    </ClInclude>
    <ClInclude Include="..\MiCore\Thunks\Ntdll.Heap.Private.h">
      <Filter>MiCore\Thunks</Filter>
    </ClInclude>
    <ClInclude Include="..\MiCore\MiCore.SystemEnvironmentBlock.Process.h">
      <Filter>MiCore</Filter>
    </ClInclude>
    <ClInclude Include="..\MiCore\MiCore.SystemEnvironmentBlock.Thread.h">
      <Filter>MiCore</Filter>
    </ClInclude>
    <ClInclude Include="..\MiCore\Thunks\Ntdll.FiberLocalStorage.Private.h">
      <Filter>MiCore\Thunks</Filter>
    </ClInclude>
  </ItemGroup>
  <ItemGroup>
    <ClCompile Include="..\MiCore\MiCore.cpp">
      <Filter>MiCore</Filter>
    </ClCompile>
    <ClCompile Include="..\MiCore\MiCore.Nothing.cpp">
      <Filter>MiCore</Filter>
    </ClCompile>
    <ClCompile Include="..\MiCore\MiCore.PEParser.cpp">
      <Filter>MiCore</Filter>
    </ClCompile>
    <ClCompile Include="..\MiCore\MiCore.SystemCall.cpp">
      <Filter>MiCore</Filter>
    </ClCompile>
    <ClCompile Include="..\MiCore\MiCore.SystemCall.Stubs.cpp">
      <Filter>MiCore</Filter>
    </ClCompile>
    <ClCompile Include="..\MiCore\Thunks\Ntdll.Pool.cpp">
      <Filter>MiCore\Thunks</Filter>
    </ClCompile>
    <ClCompile Include="..\MiCore\Thunks\Ntdll.Heap.cpp">
      <Filter>MiCore\Thunks</Filter>
    </ClCompile>
    <ClCompile Include="..\MiCore\MiCore.SystemEnvironmentBlock.cpp">
      <Filter>MiCore</Filter>
    </ClCompile>
    <ClCompile Include="..\MiCore\MiCore.Utility.cpp">
      <Filter>MiCore</Filter>
    </ClCompile>
    <ClCompile Include="..\MiCore\MiCore.SystemEnvironmentBlock.Process.cpp">
      <Filter>MiCore</Filter>
    </ClCompile>
    <ClCompile Include="..\MiCore\MiCore.SystemEnvironmentBlock.Thread.cpp">
      <Filter>MiCore</Filter>
    </ClCompile>
    <ClCompile Include="..\MiCore\Thunks\Ntdll.FiberLocalStorage.cpp">
      <Filter>MiCore\Thunks</Filter>
    </ClCompile>
    <ClCompile Include="..\MiCore\Thunks\Ntdll.Utility.cpp">
      <Filter>MiCore\Thunks</Filter>
    </ClCompile>
    <ClCompile Include="..\MiCore\Thunks\Ntdll.Error.cpp">
      <Filter>MiCore\Thunks</Filter>
    </ClCompile>
    <ClCompile Include="..\MiCore\Thunks\KernelBase.Debug.cpp">
      <Filter>MiCore\Thunks</Filter>
    </ClCompile>
  </ItemGroup>
</Project>